{
  "pins" : [
    {
      "identity" : "swiftgenplugin",
      "kind" : "remoteSourceControl",
      "location" : "https://github.com/SwiftGen/SwiftGenPlugin",
      "state" : {
        "revision" : "879b85a470cacd70c19e22eb7e11a3aed66f4068",
        "version" : "6.6.2"
      }
    },
    {
      "identity" : "swiftuicoordinator",
      "kind" : "remoteSourceControl",
      "location" : "https://github.com/erikdrobne/SwiftUICoordinator",
      "state" : {
        "revision" : "48afedfa2b74247898f328547aad0ad2d67d98ca",
        "version" : "2.3.2"
      }
    }
  ],
  "version" : 2
}
